
Microsoft Visual Studio Solution File, Format Version 12.00
# Visual Studio Version 17
VisualStudioVersion = 17.9.34728.123
MinimumVisualStudioVersion = 10.0.40219.1
Project("{FAE04EC0-301F-11D3-BF4B-00C04F79EFBC}") = "Decorator", "Decorator.csproj", "{2B15F493-298B-461F-B0D8-C9827F8C4782}"
EndProject
Global
	GlobalSection(SolutionConfigurationPlatforms) = preSolution
		Debug|Any CPU = Debug|Any CPU
		Release|Any CPU = Release|Any CPU
	EndGlobalSection
	GlobalSection(ProjectConfigurationPlatforms) = postSolution
		{2B15F493-298B-461F-B0D8-C9827F8C4782}.Debug|Any CPU.ActiveCfg = Debug|Any CPU
		{2B15F493-298B-461F-B0D8-C9827F8C4782}.Debug|Any CPU.Build.0 = Debug|Any CPU
		{2B15F493-298B-461F-B0D8-C9827F8C4782}.Release|Any CPU.ActiveCfg = Release|Any CPU
		{2B15F493-298B-461F-B0D8-C9827F8C4782}.Release|Any CPU.Build.0 = Release|Any CPU
	EndGlobalSection
	GlobalSection(SolutionProperties) = preSolution
		HideSolutionNode = FALSE
	EndGlobalSection
	GlobalSection(ExtensibilityGlobals) = postSolution
		SolutionGuid = {300CF00D-534D-4613-987C-DCFE06497B65}
	EndGlobalSection
EndGlobal
